
Microsoft Visual Studio Solution File, Format Version 12.00
# Visual Studio Version 17
VisualStudioVersion = 17.14.36109.1
MinimumVisualStudioVersion = 10.0.40219.1
Project("{FAE04EC0-301F-11D3-BF4B-00C04F79EFBC}") = "NtpNeocropsClient", "NtpNeocropsClient\NtpNeocropsClient.csproj", "{8B0EBC4C-FB38-4CBA-BB21-70F53A0339B2}"
EndProject
Project("{FAE04EC0-301F-11D3-BF4B-00C04F79EFBC}") = "ClassLibrary", "ClassLibrary\ClassLibrary.csproj", "{13FEA107-CE3C-4A9D-B71C-854568A5F088}"
EndProject
Global
	GlobalSection(SolutionConfigurationPlatforms) = preSolution
		Debug|Any CPU = Debug|Any CPU
		Release|Any CPU = Release|Any CPU
	EndGlobalSection
	GlobalSection(ProjectConfigurationPlatforms) = postSolution
		{8B0EBC4C-FB38-4CBA-BB21-70F53A0339B2}.Debug|Any CPU.ActiveCfg = Debug|Any CPU
		{8B0EBC4C-FB38-4CBA-BB21-70F53A0339B2}.Debug|Any CPU.Build.0 = Debug|Any CPU
		{8B0EBC4C-FB38-4CBA-BB21-70F53A0339B2}.Release|Any CPU.ActiveCfg = Release|Any CPU
		{8B0EBC4C-FB38-4CBA-BB21-70F53A0339B2}.Release|Any CPU.Build.0 = Release|Any CPU
		{13FEA107-CE3C-4A9D-B71C-854568A5F088}.Debug|Any CPU.ActiveCfg = Debug|Any CPU
		{13FEA107-CE3C-4A9D-B71C-854568A5F088}.Debug|Any CPU.Build.0 = Debug|Any CPU
		{13FEA107-CE3C-4A9D-B71C-854568A5F088}.Release|Any CPU.ActiveCfg = Release|Any CPU
		{13FEA107-CE3C-4A9D-B71C-854568A5F088}.Release|Any CPU.Build.0 = Release|Any CPU
	EndGlobalSection
	GlobalSection(SolutionProperties) = preSolution
		HideSolutionNode = FALSE
	EndGlobalSection
	GlobalSection(ExtensibilityGlobals) = postSolution
		SolutionGuid = {1E6E5698-00F7-4B43-B90E-81B0FE6A265A}
	EndGlobalSection
EndGlobal
